
Microsoft Visual Studio Solution File, Format Version 12.00
# Visual Studio Version 16
VisualStudioVersion = 16.0.30907.101
MinimumVisualStudioVersion = 10.0.40219.1
Project("{FAE04EC0-301F-11D3-BF4B-00C04F79EFBC}") = "Probabilidad", "Probabilidad\Probabilidad.csproj", "{B7DC00F3-295C-44AF-8FFB-C7DB3372AA31}"
EndProject
Global
	GlobalSection(SolutionConfigurationPlatforms) = preSolution
		Debug|Any CPU = Debug|Any CPU
		Release|Any CPU = Release|Any CPU
	EndGlobalSection
	GlobalSection(ProjectConfigurationPlatforms) = postSolution
		{B7DC00F3-295C-44AF-8FFB-C7DB3372AA31}.Debug|Any CPU.ActiveCfg = Debug|Any CPU
		{B7DC00F3-295C-44AF-8FFB-C7DB3372AA31}.Debug|Any CPU.Build.0 = Debug|Any CPU
		{B7DC00F3-295C-44AF-8FFB-C7DB3372AA31}.Release|Any CPU.ActiveCfg = Release|Any CPU
		{B7DC00F3-295C-44AF-8FFB-C7DB3372AA31}.Release|Any CPU.Build.0 = Release|Any CPU
	EndGlobalSection
	GlobalSection(SolutionProperties) = preSolution
		HideSolutionNode = FALSE
	EndGlobalSection
	GlobalSection(ExtensibilityGlobals) = postSolution
		SolutionGuid = {7A5A3FB7-D795-44E9-A52D-34DA394B66AB}
	EndGlobalSection
EndGlobal
